
Microsoft Visual Studio Solution File, Format Version 12.00
# Visual Studio 14
VisualStudioVersion = 14.0.23107.0
MinimumVisualStudioVersion = 10.0.40219.1
Project("{2150E333-8FDC-42A3-9474-1A3956D46DE8}") = "src", "src", "{0BDF0047-34D8-4BAB-A5BC-802CAF02AE5B}"
EndProject
Project("{2150E333-8FDC-42A3-9474-1A3956D46DE8}") = "Solution Items", "Solution Items", "{A2E86331-40E0-4EFC-AB75-627F1C71A5D8}"
	ProjectSection(SolutionItems) = preProject
		global.json = global.json
	EndProjectSection
EndProject
Project("{8BB2217D-0F2D-49D1-97BC-3654ED321F3B}") = "WebMvcState", "src\WebMvcState\WebMvcState.xproj", "{B85C8D5F-7A8B-4474-AF97-12E9E2BC9080}"
EndProject
Global
	GlobalSection(SolutionConfigurationPlatforms) = preSolution
		Debug|Any CPU = Debug|Any CPU
		Release|Any CPU = Release|Any CPU
	EndGlobalSection
	GlobalSection(ProjectConfigurationPlatforms) = postSolution
		{B85C8D5F-7A8B-4474-AF97-12E9E2BC9080}.Debug|Any CPU.ActiveCfg = Debug|Any CPU
		{B85C8D5F-7A8B-4474-AF97-12E9E2BC9080}.Debug|Any CPU.Build.0 = Debug|Any CPU
		{B85C8D5F-7A8B-4474-AF97-12E9E2BC9080}.Release|Any CPU.ActiveCfg = Release|Any CPU
		{B85C8D5F-7A8B-4474-AF97-12E9E2BC9080}.Release|Any CPU.Build.0 = Release|Any CPU
	EndGlobalSection
	GlobalSection(SolutionProperties) = preSolution
		HideSolutionNode = FALSE
	EndGlobalSection
	GlobalSection(NestedProjects) = preSolution
		{B85C8D5F-7A8B-4474-AF97-12E9E2BC9080} = {0BDF0047-34D8-4BAB-A5BC-802CAF02AE5B}
	EndGlobalSection
EndGlobal
